{
  "name": "repotrial",
  "version": "0.8.0",
  "lockfileVersion": 3,
  "requires": true,
  "packages": {
    "": {
      "name": "repotrial",
      "version": "0.8.0",
      "license": "MIT",
      "bin": {
        "repotrial": "bin/repotrial.mjs"
      },
      "engines": {
        "node": ">=22.14"
      }
    }
  }
}
